
Microsoft Visual Studio Solution File, Format Version 12.00
# Visual Studio 15
VisualStudioVersion = 15.0.27703.2042
MinimumVisualStudioVersion = 10.0.40219.1
Project("{FAE04EC0-301F-11D3-BF4B-00C04F79EFBC}") = "CIT265_Bennett_I_A2", "CIT265_Bennett_I_A2\CIT265_Bennett_I_A2.csproj", "{3E506B4E-770E-44C4-BC80-1096169C8A6E}"
EndProject
Global
	GlobalSection(SolutionConfigurationPlatforms) = preSolution
		Debug|Any CPU = Debug|Any CPU
		Release|Any CPU = Release|Any CPU
	EndGlobalSection
	GlobalSection(ProjectConfigurationPlatforms) = postSolution
		{3E506B4E-770E-44C4-BC80-1096169C8A6E}.Debug|Any CPU.ActiveCfg = Debug|Any CPU
		{3E506B4E-770E-44C4-BC80-1096169C8A6E}.Debug|Any CPU.Build.0 = Debug|Any CPU
		{3E506B4E-770E-44C4-BC80-1096169C8A6E}.Release|Any CPU.ActiveCfg = Release|Any CPU
		{3E506B4E-770E-44C4-BC80-1096169C8A6E}.Release|Any CPU.Build.0 = Release|Any CPU
	EndGlobalSection
	GlobalSection(SolutionProperties) = preSolution
		HideSolutionNode = FALSE
	EndGlobalSection
	GlobalSection(ExtensibilityGlobals) = postSolution
		SolutionGuid = {363D92AB-B2C5-422C-914B-2EA807518012}
	EndGlobalSection
EndGlobal
